
Microsoft Visual Studio Solution File, Format Version 12.00
# Visual Studio Version 17
VisualStudioVersion = 17.3.32819.101
MinimumVisualStudioVersion = 10.0.40219.1
Project("{FAE04EC0-301F-11D3-BF4B-00C04F79EFBC}") = "kap2uppgift2.14", "kap2uppgift2.14\kap2uppgift2.14.csproj", "{FFC11F99-DB00-4AE5-BA35-68C2589E143C}"
EndProject
Global
	GlobalSection(SolutionConfigurationPlatforms) = preSolution
		Debug|Any CPU = Debug|Any CPU
		Release|Any CPU = Release|Any CPU
	EndGlobalSection
	GlobalSection(ProjectConfigurationPlatforms) = postSolution
		{FFC11F99-DB00-4AE5-BA35-68C2589E143C}.Debug|Any CPU.ActiveCfg = Debug|Any CPU
		{FFC11F99-DB00-4AE5-BA35-68C2589E143C}.Debug|Any CPU.Build.0 = Debug|Any CPU
		{FFC11F99-DB00-4AE5-BA35-68C2589E143C}.Release|Any CPU.ActiveCfg = Release|Any CPU
		{FFC11F99-DB00-4AE5-BA35-68C2589E143C}.Release|Any CPU.Build.0 = Release|Any CPU
	EndGlobalSection
	GlobalSection(SolutionProperties) = preSolution
		HideSolutionNode = FALSE
	EndGlobalSection
	GlobalSection(ExtensibilityGlobals) = postSolution
		SolutionGuid = {DBAFF039-7132-4C09-99EB-7B114DE400EA}
	EndGlobalSection
EndGlobal
